
Microsoft Visual Studio Solution File, Format Version 12.00
# Visual Studio Version 17
VisualStudioVersion = 17.5.33627.172
MinimumVisualStudioVersion = 10.0.40219.1
Project("{FAE04EC0-301F-11D3-BF4B-00C04F79EFBC}") = "ConsoleApp", "ConsoleApp\ConsoleApp.csproj", "{327B2CC0-2581-47DE-B1DF-F0385C381EB4}"
EndProject
Project("{FAE04EC0-301F-11D3-BF4B-00C04F79EFBC}") = "ConsoleApp2", "ConsoleApp2\ConsoleApp2.csproj", "{5C0984D5-02F8-4A34-A545-B1621191E095}"
EndProject
Global
	GlobalSection(SolutionConfigurationPlatforms) = preSolution
		Debug|Any CPU = Debug|Any CPU
		Release|Any CPU = Release|Any CPU
	EndGlobalSection
	GlobalSection(ProjectConfigurationPlatforms) = postSolution
		{327B2CC0-2581-47DE-B1DF-F0385C381EB4}.Debug|Any CPU.ActiveCfg = Debug|Any CPU
		{327B2CC0-2581-47DE-B1DF-F0385C381EB4}.Debug|Any CPU.Build.0 = Debug|Any CPU
		{327B2CC0-2581-47DE-B1DF-F0385C381EB4}.Release|Any CPU.ActiveCfg = Release|Any CPU
		{327B2CC0-2581-47DE-B1DF-F0385C381EB4}.Release|Any CPU.Build.0 = Release|Any CPU
		{5C0984D5-02F8-4A34-A545-B1621191E095}.Debug|Any CPU.ActiveCfg = Debug|Any CPU
		{5C0984D5-02F8-4A34-A545-B1621191E095}.Debug|Any CPU.Build.0 = Debug|Any CPU
		{5C0984D5-02F8-4A34-A545-B1621191E095}.Release|Any CPU.ActiveCfg = Release|Any CPU
		{5C0984D5-02F8-4A34-A545-B1621191E095}.Release|Any CPU.Build.0 = Release|Any CPU
	EndGlobalSection
	GlobalSection(SolutionProperties) = preSolution
		HideSolutionNode = FALSE
	EndGlobalSection
	GlobalSection(ExtensibilityGlobals) = postSolution
		SolutionGuid = {5AB12239-C0D1-4752-A1DC-36186E1A78FC}
	EndGlobalSection
EndGlobal
